
Microsoft Visual Studio Solution File, Format Version 12.00
# Visual Studio 15
VisualStudioVersion = 15.0.26124.0
MinimumVisualStudioVersion = 15.0.26124.0
Project("{2150E333-8FDC-42A3-9474-1A3956D46DE8}") = "src", "src", "{FD39101E-5494-4238-B442-C04813B12A79}"
EndProject
Project("{F2A71F9B-5D33-465A-A702-920D77279786}") = "FsTs", "src\FsTs\FsTs.fsproj", "{32D9463A-23EB-4AE4-9F30-E71E6C875833}"
EndProject
Project("{F2A71F9B-5D33-465A-A702-920D77279786}") = "FsTs.Test", "test\FsTs.Test.fsproj", "{B4284372-6570-4F4D-841A-ECFF77EA5567}"
EndProject
Global
	GlobalSection(SolutionConfigurationPlatforms) = preSolution
		Debug|Any CPU = Debug|Any CPU
		Debug|x64 = Debug|x64
		Debug|x86 = Debug|x86
		Release|Any CPU = Release|Any CPU
		Release|x64 = Release|x64
		Release|x86 = Release|x86
	EndGlobalSection
	GlobalSection(SolutionProperties) = preSolution
		HideSolutionNode = FALSE
	EndGlobalSection
	GlobalSection(ProjectConfigurationPlatforms) = postSolution
		{32D9463A-23EB-4AE4-9F30-E71E6C875833}.Debug|Any CPU.ActiveCfg = Debug|Any CPU
		{32D9463A-23EB-4AE4-9F30-E71E6C875833}.Debug|Any CPU.Build.0 = Debug|Any CPU
		{32D9463A-23EB-4AE4-9F30-E71E6C875833}.Debug|x64.ActiveCfg = Debug|Any CPU
		{32D9463A-23EB-4AE4-9F30-E71E6C875833}.Debug|x64.Build.0 = Debug|Any CPU
		{32D9463A-23EB-4AE4-9F30-E71E6C875833}.Debug|x86.ActiveCfg = Debug|Any CPU
		{32D9463A-23EB-4AE4-9F30-E71E6C875833}.Debug|x86.Build.0 = Debug|Any CPU
		{32D9463A-23EB-4AE4-9F30-E71E6C875833}.Release|Any CPU.ActiveCfg = Release|Any CPU
		{32D9463A-23EB-4AE4-9F30-E71E6C875833}.Release|Any CPU.Build.0 = Release|Any CPU
		{32D9463A-23EB-4AE4-9F30-E71E6C875833}.Release|x64.ActiveCfg = Release|Any CPU
		{32D9463A-23EB-4AE4-9F30-E71E6C875833}.Release|x64.Build.0 = Release|Any CPU
		{32D9463A-23EB-4AE4-9F30-E71E6C875833}.Release|x86.ActiveCfg = Release|Any CPU
		{32D9463A-23EB-4AE4-9F30-E71E6C875833}.Release|x86.Build.0 = Release|Any CPU
		{B4284372-6570-4F4D-841A-ECFF77EA5567}.Debug|Any CPU.ActiveCfg = Debug|Any CPU
		{B4284372-6570-4F4D-841A-ECFF77EA5567}.Debug|Any CPU.Build.0 = Debug|Any CPU
		{B4284372-6570-4F4D-841A-ECFF77EA5567}.Debug|x64.ActiveCfg = Debug|Any CPU
		{B4284372-6570-4F4D-841A-ECFF77EA5567}.Debug|x64.Build.0 = Debug|Any CPU
		{B4284372-6570-4F4D-841A-ECFF77EA5567}.Debug|x86.ActiveCfg = Debug|Any CPU
		{B4284372-6570-4F4D-841A-ECFF77EA5567}.Debug|x86.Build.0 = Debug|Any CPU
		{B4284372-6570-4F4D-841A-ECFF77EA5567}.Release|Any CPU.ActiveCfg = Release|Any CPU
		{B4284372-6570-4F4D-841A-ECFF77EA5567}.Release|Any CPU.Build.0 = Release|Any CPU
		{B4284372-6570-4F4D-841A-ECFF77EA5567}.Release|x64.ActiveCfg = Release|Any CPU
		{B4284372-6570-4F4D-841A-ECFF77EA5567}.Release|x64.Build.0 = Release|Any CPU
		{B4284372-6570-4F4D-841A-ECFF77EA5567}.Release|x86.ActiveCfg = Release|Any CPU
		{B4284372-6570-4F4D-841A-ECFF77EA5567}.Release|x86.Build.0 = Release|Any CPU
	EndGlobalSection
	GlobalSection(NestedProjects) = preSolution
		{32D9463A-23EB-4AE4-9F30-E71E6C875833} = {FD39101E-5494-4238-B442-C04813B12A79}
	EndGlobalSection
EndGlobal
